
Microsoft Visual Studio Solution File, Format Version 12.00
# Visual Studio Version 16
VisualStudioVersion = 16.0.29123.88
MinimumVisualStudioVersion = 10.0.40219.1
Project("{FAE04EC0-301F-11D3-BF4B-00C04F79EFBC}") = "ShouldSerializeResetPropertyIde0051", "ShouldSerializeResetPropertyIde0051\ShouldSerializeResetPropertyIde0051.csproj", "{A405D2CD-87C5-4CE1-B186-8DBB46474681}"
EndProject
Global
	GlobalSection(SolutionConfigurationPlatforms) = preSolution
		Debug|Any CPU = Debug|Any CPU
		Release|Any CPU = Release|Any CPU
	EndGlobalSection
	GlobalSection(ProjectConfigurationPlatforms) = postSolution
		{A405D2CD-87C5-4CE1-B186-8DBB46474681}.Debug|Any CPU.ActiveCfg = Debug|Any CPU
		{A405D2CD-87C5-4CE1-B186-8DBB46474681}.Debug|Any CPU.Build.0 = Debug|Any CPU
		{A405D2CD-87C5-4CE1-B186-8DBB46474681}.Release|Any CPU.ActiveCfg = Release|Any CPU
		{A405D2CD-87C5-4CE1-B186-8DBB46474681}.Release|Any CPU.Build.0 = Release|Any CPU
	EndGlobalSection
	GlobalSection(SolutionProperties) = preSolution
		HideSolutionNode = FALSE
	EndGlobalSection
	GlobalSection(ExtensibilityGlobals) = postSolution
		SolutionGuid = {11C7F9CA-6FA2-4B10-AF02-7C7DC7BD811E}
	EndGlobalSection
EndGlobal
